
Microsoft Visual Studio Solution File, Format Version 12.00
# Visual Studio Version 16
VisualStudioVersion = 16.0.31515.178
MinimumVisualStudioVersion = 10.0.40219.1
Project("{9A19103F-16F7-4668-BE54-9A1E7A4F7556}") = "Entities", "Entities\Entities.csproj", "{8808B7B7-32C9-4166-ADF3-E1834EECC07E}"
EndProject
Project("{9A19103F-16F7-4668-BE54-9A1E7A4F7556}") = "Business", "Business\Business.csproj", "{431A4F6F-96B3-4676-A7CC-FB6360893721}"
EndProject
Project("{9A19103F-16F7-4668-BE54-9A1E7A4F7556}") = "ConsoleUI", "ConsoleUI\ConsoleUI.csproj", "{9FC0018F-AC79-4E37-BA2B-863A23B43F96}"
EndProject
Project("{9A19103F-16F7-4668-BE54-9A1E7A4F7556}") = "DataAccess", "DataAccess\DataAccess.csproj", "{3EC2C5B2-7347-4BA3-AE12-6FF347DF077F}"
EndProject
Project("{9A19103F-16F7-4668-BE54-9A1E7A4F7556}") = "WebAPI", "WebAPI\WebAPI.csproj", "{7825242C-6C1E-4B8E-A95B-22E45D62AC6D}"
EndProject
Project("{9A19103F-16F7-4668-BE54-9A1E7A4F7556}") = "Core", "Core\Core.csproj", "{B530F339-3878-4200-B7AA-7374D24D0328}"
EndProject
Global
	GlobalSection(SolutionConfigurationPlatforms) = preSolution
		Debug|Any CPU = Debug|Any CPU
		Release|Any CPU = Release|Any CPU
	EndGlobalSection
	GlobalSection(ProjectConfigurationPlatforms) = postSolution
		{8808B7B7-32C9-4166-ADF3-E1834EECC07E}.Debug|Any CPU.ActiveCfg = Debug|Any CPU
		{8808B7B7-32C9-4166-ADF3-E1834EECC07E}.Debug|Any CPU.Build.0 = Debug|Any CPU
		{8808B7B7-32C9-4166-ADF3-E1834EECC07E}.Release|Any CPU.ActiveCfg = Release|Any CPU
		{8808B7B7-32C9-4166-ADF3-E1834EECC07E}.Release|Any CPU.Build.0 = Release|Any CPU
		{431A4F6F-96B3-4676-A7CC-FB6360893721}.Debug|Any CPU.ActiveCfg = Debug|Any CPU
		{431A4F6F-96B3-4676-A7CC-FB6360893721}.Debug|Any CPU.Build.0 = Debug|Any CPU
		{431A4F6F-96B3-4676-A7CC-FB6360893721}.Release|Any CPU.ActiveCfg = Release|Any CPU
		{431A4F6F-96B3-4676-A7CC-FB6360893721}.Release|Any CPU.Build.0 = Release|Any CPU
		{9FC0018F-AC79-4E37-BA2B-863A23B43F96}.Debug|Any CPU.ActiveCfg = Debug|Any CPU
		{9FC0018F-AC79-4E37-BA2B-863A23B43F96}.Debug|Any CPU.Build.0 = Debug|Any CPU
		{9FC0018F-AC79-4E37-BA2B-863A23B43F96}.Release|Any CPU.ActiveCfg = Release|Any CPU
		{9FC0018F-AC79-4E37-BA2B-863A23B43F96}.Release|Any CPU.Build.0 = Release|Any CPU
		{3EC2C5B2-7347-4BA3-AE12-6FF347DF077F}.Debug|Any CPU.ActiveCfg = Debug|Any CPU
		{3EC2C5B2-7347-4BA3-AE12-6FF347DF077F}.Debug|Any CPU.Build.0 = Debug|Any CPU
		{3EC2C5B2-7347-4BA3-AE12-6FF347DF077F}.Release|Any CPU.ActiveCfg = Release|Any CPU
		{3EC2C5B2-7347-4BA3-AE12-6FF347DF077F}.Release|Any CPU.Build.0 = Release|Any CPU
		{7825242C-6C1E-4B8E-A95B-22E45D62AC6D}.Debug|Any CPU.ActiveCfg = Debug|Any CPU
		{7825242C-6C1E-4B8E-A95B-22E45D62AC6D}.Debug|Any CPU.Build.0 = Debug|Any CPU
		{7825242C-6C1E-4B8E-A95B-22E45D62AC6D}.Release|Any CPU.ActiveCfg = Release|Any CPU
		{7825242C-6C1E-4B8E-A95B-22E45D62AC6D}.Release|Any CPU.Build.0 = Release|Any CPU
		{B530F339-3878-4200-B7AA-7374D24D0328}.Debug|Any CPU.ActiveCfg = Debug|Any CPU
		{B530F339-3878-4200-B7AA-7374D24D0328}.Debug|Any CPU.Build.0 = Debug|Any CPU
		{B530F339-3878-4200-B7AA-7374D24D0328}.Release|Any CPU.ActiveCfg = Release|Any CPU
		{B530F339-3878-4200-B7AA-7374D24D0328}.Release|Any CPU.Build.0 = Release|Any CPU
	EndGlobalSection
	GlobalSection(SolutionProperties) = preSolution
		HideSolutionNode = FALSE
	EndGlobalSection
	GlobalSection(ExtensibilityGlobals) = postSolution
		SolutionGuid = {664F18D8-CC8F-491A-9F26-2256DB395800}
	EndGlobalSection
EndGlobal
